
Microsoft Visual Studio Solution File, Format Version 12.00
# Visual Studio Version 17
VisualStudioVersion = 17.9.34728.123
MinimumVisualStudioVersion = 10.0.40219.1
Project("{9A19103F-16F7-4668-BE54-9A1E7A4F7556}") = "ContactListTask.Server", "ContactListTask\Server\ContactListTask.Server.csproj", "{63BC391E-E5AD-46BA-AD4A-47FCD5CB7AB5}"
EndProject
Project("{9A19103F-16F7-4668-BE54-9A1E7A4F7556}") = "ContactListTask.Client", "ContactListTask\Client\ContactListTask.Client.csproj", "{F5DB21F0-864D-42F9-A19E-FAA9D67350D8}"
EndProject
Project("{9A19103F-16F7-4668-BE54-9A1E7A4F7556}") = "ContactListTask.Shared", "ContactListTask\Shared\ContactListTask.Shared.csproj", "{21794D8E-D9E2-4326-AFD1-5C2B470F3526}"
EndProject
Global
	GlobalSection(SolutionConfigurationPlatforms) = preSolution
		Debug|Any CPU = Debug|Any CPU
		Release|Any CPU = Release|Any CPU
	EndGlobalSection
	GlobalSection(ProjectConfigurationPlatforms) = postSolution
		{63BC391E-E5AD-46BA-AD4A-47FCD5CB7AB5}.Debug|Any CPU.ActiveCfg = Debug|Any CPU
		{63BC391E-E5AD-46BA-AD4A-47FCD5CB7AB5}.Debug|Any CPU.Build.0 = Debug|Any CPU
		{63BC391E-E5AD-46BA-AD4A-47FCD5CB7AB5}.Release|Any CPU.ActiveCfg = Release|Any CPU
		{63BC391E-E5AD-46BA-AD4A-47FCD5CB7AB5}.Release|Any CPU.Build.0 = Release|Any CPU
		{F5DB21F0-864D-42F9-A19E-FAA9D67350D8}.Debug|Any CPU.ActiveCfg = Debug|Any CPU
		{F5DB21F0-864D-42F9-A19E-FAA9D67350D8}.Debug|Any CPU.Build.0 = Debug|Any CPU
		{F5DB21F0-864D-42F9-A19E-FAA9D67350D8}.Release|Any CPU.ActiveCfg = Release|Any CPU
		{F5DB21F0-864D-42F9-A19E-FAA9D67350D8}.Release|Any CPU.Build.0 = Release|Any CPU
		{21794D8E-D9E2-4326-AFD1-5C2B470F3526}.Debug|Any CPU.ActiveCfg = Debug|Any CPU
		{21794D8E-D9E2-4326-AFD1-5C2B470F3526}.Debug|Any CPU.Build.0 = Debug|Any CPU
		{21794D8E-D9E2-4326-AFD1-5C2B470F3526}.Release|Any CPU.ActiveCfg = Release|Any CPU
		{21794D8E-D9E2-4326-AFD1-5C2B470F3526}.Release|Any CPU.Build.0 = Release|Any CPU
	EndGlobalSection
	GlobalSection(SolutionProperties) = preSolution
		HideSolutionNode = FALSE
	EndGlobalSection
	GlobalSection(ExtensibilityGlobals) = postSolution
		SolutionGuid = {38B35BFD-02E3-412E-82F4-C0E603438C6D}
	EndGlobalSection
EndGlobal
